
Microsoft Visual Studio Solution File, Format Version 12.00
# Visual Studio 2013
VisualStudioVersion = 12.0.31101.0
MinimumVisualStudioVersion = 10.0.40219.1
Project("{FAE04EC0-301F-11D3-BF4B-00C04F79EFBC}") = "01.DemoLearnCSharp", "DemoLearnCSharp\01.DemoLearnCSharp.csproj", "{D66E5FF8-EFFF-4FC0-B983-2AA0FB04A6E0}"
EndProject
Project("{FAE04EC0-301F-11D3-BF4B-00C04F79EFBC}") = "02.PrintNumberDoWhile", "PrintNumberDoWhile\02.PrintNumberDoWhile.csproj", "{02DE9DFF-7A78-4E8A-9B22-D563108211B1}"
EndProject
Project("{FAE04EC0-301F-11D3-BF4B-00C04F79EFBC}") = "03.Arrays", "Arrays\03.Arrays.csproj", "{10B3C100-3293-44DF-BD62-1953EFDE6C6D}"
EndProject
Project("{FAE04EC0-301F-11D3-BF4B-00C04F79EFBC}") = "04.TryParse", "TryParse\04.TryParse.csproj", "{DD78565B-56ED-4BBF-A0D0-771EBF95F68E}"
EndProject
Project("{FAE04EC0-301F-11D3-BF4B-00C04F79EFBC}") = "05.Encoding", "Encoding\05.Encoding.csproj", "{AC2886CE-26F8-4F2D-A304-DC92B6DCFAF5}"
EndProject
Project("{FAE04EC0-301F-11D3-BF4B-00C04F79EFBC}") = "06.StringSplit", "StringSplit\06.StringSplit.csproj", "{351230F2-69B2-45F7-8406-9B4D14CEA3BA}"
EndProject
Project("{FAE04EC0-301F-11D3-BF4B-00C04F79EFBC}") = "07. CompanyInfo", "07. CompanyInfo\07. CompanyInfo.csproj", "{90A9F664-EF09-4BE2-A885-B6C06E574F10}"
EndProject
Project("{FAE04EC0-301F-11D3-BF4B-00C04F79EFBC}") = "08.GreaterNumber", "GreaterNumber\08.GreaterNumber.csproj", "{FBFA1CFD-C0CB-4A2B-9915-35F0AA447AAF}"
EndProject
Project("{FAE04EC0-301F-11D3-BF4B-00C04F79EFBC}") = "09.FallingRocks", "09.FallingRocks\09.FallingRocks.csproj", "{DC3F6AC1-99C1-4DA1-B06F-34FE8002AB51}"
EndProject
Project("{FAE04EC0-301F-11D3-BF4B-00C04F79EFBC}") = "10. TestDemo", "TestDemo\10. TestDemo.csproj", "{CE52C45C-AF4F-4ABA-96ED-A6CD40171D72}"
EndProject
Global
	GlobalSection(SolutionConfigurationPlatforms) = preSolution
		Debug|Any CPU = Debug|Any CPU
		Release|Any CPU = Release|Any CPU
	EndGlobalSection
	GlobalSection(ProjectConfigurationPlatforms) = postSolution
		{D66E5FF8-EFFF-4FC0-B983-2AA0FB04A6E0}.Debug|Any CPU.ActiveCfg = Debug|Any CPU
		{D66E5FF8-EFFF-4FC0-B983-2AA0FB04A6E0}.Debug|Any CPU.Build.0 = Debug|Any CPU
		{D66E5FF8-EFFF-4FC0-B983-2AA0FB04A6E0}.Release|Any CPU.ActiveCfg = Release|Any CPU
		{D66E5FF8-EFFF-4FC0-B983-2AA0FB04A6E0}.Release|Any CPU.Build.0 = Release|Any CPU
		{02DE9DFF-7A78-4E8A-9B22-D563108211B1}.Debug|Any CPU.ActiveCfg = Debug|Any CPU
		{02DE9DFF-7A78-4E8A-9B22-D563108211B1}.Debug|Any CPU.Build.0 = Debug|Any CPU
		{02DE9DFF-7A78-4E8A-9B22-D563108211B1}.Release|Any CPU.ActiveCfg = Release|Any CPU
		{02DE9DFF-7A78-4E8A-9B22-D563108211B1}.Release|Any CPU.Build.0 = Release|Any CPU
		{10B3C100-3293-44DF-BD62-1953EFDE6C6D}.Debug|Any CPU.ActiveCfg = Debug|Any CPU
		{10B3C100-3293-44DF-BD62-1953EFDE6C6D}.Debug|Any CPU.Build.0 = Debug|Any CPU
		{10B3C100-3293-44DF-BD62-1953EFDE6C6D}.Release|Any CPU.ActiveCfg = Release|Any CPU
		{10B3C100-3293-44DF-BD62-1953EFDE6C6D}.Release|Any CPU.Build.0 = Release|Any CPU
		{DD78565B-56ED-4BBF-A0D0-771EBF95F68E}.Debug|Any CPU.ActiveCfg = Debug|Any CPU
		{DD78565B-56ED-4BBF-A0D0-771EBF95F68E}.Debug|Any CPU.Build.0 = Debug|Any CPU
		{DD78565B-56ED-4BBF-A0D0-771EBF95F68E}.Release|Any CPU.ActiveCfg = Release|Any CPU
		{DD78565B-56ED-4BBF-A0D0-771EBF95F68E}.Release|Any CPU.Build.0 = Release|Any CPU
		{AC2886CE-26F8-4F2D-A304-DC92B6DCFAF5}.Debug|Any CPU.ActiveCfg = Debug|Any CPU
		{AC2886CE-26F8-4F2D-A304-DC92B6DCFAF5}.Debug|Any CPU.Build.0 = Debug|Any CPU
		{AC2886CE-26F8-4F2D-A304-DC92B6DCFAF5}.Release|Any CPU.ActiveCfg = Release|Any CPU
		{AC2886CE-26F8-4F2D-A304-DC92B6DCFAF5}.Release|Any CPU.Build.0 = Release|Any CPU
		{351230F2-69B2-45F7-8406-9B4D14CEA3BA}.Debug|Any CPU.ActiveCfg = Debug|Any CPU
		{351230F2-69B2-45F7-8406-9B4D14CEA3BA}.Debug|Any CPU.Build.0 = Debug|Any CPU
		{351230F2-69B2-45F7-8406-9B4D14CEA3BA}.Release|Any CPU.ActiveCfg = Release|Any CPU
		{351230F2-69B2-45F7-8406-9B4D14CEA3BA}.Release|Any CPU.Build.0 = Release|Any CPU
		{90A9F664-EF09-4BE2-A885-B6C06E574F10}.Debug|Any CPU.ActiveCfg = Debug|Any CPU
		{90A9F664-EF09-4BE2-A885-B6C06E574F10}.Debug|Any CPU.Build.0 = Debug|Any CPU
		{90A9F664-EF09-4BE2-A885-B6C06E574F10}.Release|Any CPU.ActiveCfg = Release|Any CPU
		{90A9F664-EF09-4BE2-A885-B6C06E574F10}.Release|Any CPU.Build.0 = Release|Any CPU
		{FBFA1CFD-C0CB-4A2B-9915-35F0AA447AAF}.Debug|Any CPU.ActiveCfg = Debug|Any CPU
		{FBFA1CFD-C0CB-4A2B-9915-35F0AA447AAF}.Debug|Any CPU.Build.0 = Debug|Any CPU
		{FBFA1CFD-C0CB-4A2B-9915-35F0AA447AAF}.Release|Any CPU.ActiveCfg = Release|Any CPU
		{FBFA1CFD-C0CB-4A2B-9915-35F0AA447AAF}.Release|Any CPU.Build.0 = Release|Any CPU
		{DC3F6AC1-99C1-4DA1-B06F-34FE8002AB51}.Debug|Any CPU.ActiveCfg = Debug|Any CPU
		{DC3F6AC1-99C1-4DA1-B06F-34FE8002AB51}.Debug|Any CPU.Build.0 = Debug|Any CPU
		{DC3F6AC1-99C1-4DA1-B06F-34FE8002AB51}.Release|Any CPU.ActiveCfg = Release|Any CPU
		{DC3F6AC1-99C1-4DA1-B06F-34FE8002AB51}.Release|Any CPU.Build.0 = Release|Any CPU
		{CE52C45C-AF4F-4ABA-96ED-A6CD40171D72}.Debug|Any CPU.ActiveCfg = Debug|Any CPU
		{CE52C45C-AF4F-4ABA-96ED-A6CD40171D72}.Debug|Any CPU.Build.0 = Debug|Any CPU
		{CE52C45C-AF4F-4ABA-96ED-A6CD40171D72}.Release|Any CPU.ActiveCfg = Release|Any CPU
		{CE52C45C-AF4F-4ABA-96ED-A6CD40171D72}.Release|Any CPU.Build.0 = Release|Any CPU
	EndGlobalSection
	GlobalSection(SolutionProperties) = preSolution
		HideSolutionNode = FALSE
	EndGlobalSection
EndGlobal
