
Microsoft Visual Studio Solution File, Format Version 12.00
# Visual Studio Express 2013 for Windows Desktop
VisualStudioVersion = 12.0.21005.1
MinimumVisualStudioVersion = 10.0.40219.1
Project("{FAE04EC0-301F-11D3-BF4B-00C04F79EFBC}") = "11.ExchangeValues", "11.ExchangeValues\11.ExchangeValues.csproj", "{99F58836-D586-4771-8191-FC9EFE72BBF0}"
EndProject
Project("{FAE04EC0-301F-11D3-BF4B-00C04F79EFBC}") = "10.MarketingFirm", "10.MarketingFirm\10.MarketingFirm.csproj", "{9731BE38-382C-41A9-B2A0-78F1C12D67F5}"
EndProject
Project("{FAE04EC0-301F-11D3-BF4B-00C04F79EFBC}") = "12.ASCIITable", "12.ASCIITable\12.ASCIITable.csproj", "{CE91E3F0-5E46-454A-B701-5F114F6A06A3}"
EndProject
Project("{FAE04EC0-301F-11D3-BF4B-00C04F79EFBC}") = "13.NullableIntAndDouble", "13.NullableIntAndDouble\13.NullableIntAndDouble.csproj", "{91F9C439-9981-4002-95C9-D0385CA8941F}"
EndProject
Project("{FAE04EC0-301F-11D3-BF4B-00C04F79EFBC}") = "14.BankAccount", "14.BankAccount\14.BankAccount.csproj", "{4B703B13-A1E2-4B2D-8F94-6B33E3D4C748}"
EndProject
Project("{FAE04EC0-301F-11D3-BF4B-00C04F79EFBC}") = "01.FiveVariables", "01.FiveVariables\01.FiveVariables.csproj", "{24FFAEC4-62F4-4C92-B6D5-E04AADDEBD03}"
EndProject
Project("{FAE04EC0-301F-11D3-BF4B-00C04F79EFBC}") = "02.FloatOrDouble", "02.FloatOrDouble\02.FloatOrDouble.csproj", "{4BAF94F8-DDD6-46CD-B71D-4AD2FA0CC915}"
EndProject
Project("{FAE04EC0-301F-11D3-BF4B-00C04F79EFBC}") = "03.CompareFloatingPointNumers", "03.CompareFloatingPointNumers\03.CompareFloatingPointNumers.csproj", "{1F36CB11-D5B3-405C-9C62-358BAE73CF34}"
EndProject
Project("{FAE04EC0-301F-11D3-BF4B-00C04F79EFBC}") = "04.HexadecimalNumber", "04.HexadecimalNumber\04.HexadecimalNumber.csproj", "{A6971849-BE6E-4AC2-8E59-1A3DEAF0DE89}"
EndProject
Project("{FAE04EC0-301F-11D3-BF4B-00C04F79EFBC}") = "05.CharVariable", "05.CharVariable\05.CharVariable.csproj", "{B94B1F2E-6C3E-4147-83B6-1BD36A0E98AD}"
EndProject
Project("{FAE04EC0-301F-11D3-BF4B-00C04F79EFBC}") = "06.BooleanVariable", "06.BooleanVariable\06.BooleanVariable.csproj", "{5ADBA855-76E8-4682-B48B-035E588398FF}"
EndProject
Project("{FAE04EC0-301F-11D3-BF4B-00C04F79EFBC}") = "07.TwoStrings", "07.TwoStrings\07.TwoStrings.csproj", "{27FBC8CD-F0CF-4B53-9130-5AEEB260A86A}"
EndProject
Project("{FAE04EC0-301F-11D3-BF4B-00C04F79EFBC}") = "08.TwoStringsDifferentWays", "08.TwoStringsDifferentWays\08.TwoStringsDifferentWays.csproj", "{1BCFD8EE-4159-4669-9B1E-6A9EB381FB72}"
EndProject
Project("{FAE04EC0-301F-11D3-BF4B-00C04F79EFBC}") = "09.CopyRightSymbol", "09.CopyRightSymbol\09.CopyRightSymbol.csproj", "{EB1D4362-FEC0-48C1-8448-1562994EA479}"
EndProject
Global
	GlobalSection(SolutionConfigurationPlatforms) = preSolution
		Debug|Any CPU = Debug|Any CPU
		Release|Any CPU = Release|Any CPU
	EndGlobalSection
	GlobalSection(ProjectConfigurationPlatforms) = postSolution
		{99F58836-D586-4771-8191-FC9EFE72BBF0}.Debug|Any CPU.ActiveCfg = Debug|Any CPU
		{99F58836-D586-4771-8191-FC9EFE72BBF0}.Debug|Any CPU.Build.0 = Debug|Any CPU
		{99F58836-D586-4771-8191-FC9EFE72BBF0}.Release|Any CPU.ActiveCfg = Release|Any CPU
		{99F58836-D586-4771-8191-FC9EFE72BBF0}.Release|Any CPU.Build.0 = Release|Any CPU
		{9731BE38-382C-41A9-B2A0-78F1C12D67F5}.Debug|Any CPU.ActiveCfg = Debug|Any CPU
		{9731BE38-382C-41A9-B2A0-78F1C12D67F5}.Debug|Any CPU.Build.0 = Debug|Any CPU
		{9731BE38-382C-41A9-B2A0-78F1C12D67F5}.Release|Any CPU.ActiveCfg = Release|Any CPU
		{9731BE38-382C-41A9-B2A0-78F1C12D67F5}.Release|Any CPU.Build.0 = Release|Any CPU
		{CE91E3F0-5E46-454A-B701-5F114F6A06A3}.Debug|Any CPU.ActiveCfg = Debug|Any CPU
		{CE91E3F0-5E46-454A-B701-5F114F6A06A3}.Debug|Any CPU.Build.0 = Debug|Any CPU
		{CE91E3F0-5E46-454A-B701-5F114F6A06A3}.Release|Any CPU.ActiveCfg = Release|Any CPU
		{CE91E3F0-5E46-454A-B701-5F114F6A06A3}.Release|Any CPU.Build.0 = Release|Any CPU
		{91F9C439-9981-4002-95C9-D0385CA8941F}.Debug|Any CPU.ActiveCfg = Debug|Any CPU
		{91F9C439-9981-4002-95C9-D0385CA8941F}.Debug|Any CPU.Build.0 = Debug|Any CPU
		{91F9C439-9981-4002-95C9-D0385CA8941F}.Release|Any CPU.ActiveCfg = Release|Any CPU
		{91F9C439-9981-4002-95C9-D0385CA8941F}.Release|Any CPU.Build.0 = Release|Any CPU
		{4B703B13-A1E2-4B2D-8F94-6B33E3D4C748}.Debug|Any CPU.ActiveCfg = Debug|Any CPU
		{4B703B13-A1E2-4B2D-8F94-6B33E3D4C748}.Debug|Any CPU.Build.0 = Debug|Any CPU
		{4B703B13-A1E2-4B2D-8F94-6B33E3D4C748}.Release|Any CPU.ActiveCfg = Release|Any CPU
		{4B703B13-A1E2-4B2D-8F94-6B33E3D4C748}.Release|Any CPU.Build.0 = Release|Any CPU
		{24FFAEC4-62F4-4C92-B6D5-E04AADDEBD03}.Debug|Any CPU.ActiveCfg = Debug|Any CPU
		{24FFAEC4-62F4-4C92-B6D5-E04AADDEBD03}.Debug|Any CPU.Build.0 = Debug|Any CPU
		{24FFAEC4-62F4-4C92-B6D5-E04AADDEBD03}.Release|Any CPU.ActiveCfg = Release|Any CPU
		{24FFAEC4-62F4-4C92-B6D5-E04AADDEBD03}.Release|Any CPU.Build.0 = Release|Any CPU
		{4BAF94F8-DDD6-46CD-B71D-4AD2FA0CC915}.Debug|Any CPU.ActiveCfg = Debug|Any CPU
		{4BAF94F8-DDD6-46CD-B71D-4AD2FA0CC915}.Debug|Any CPU.Build.0 = Debug|Any CPU
		{4BAF94F8-DDD6-46CD-B71D-4AD2FA0CC915}.Release|Any CPU.ActiveCfg = Release|Any CPU
		{4BAF94F8-DDD6-46CD-B71D-4AD2FA0CC915}.Release|Any CPU.Build.0 = Release|Any CPU
		{1F36CB11-D5B3-405C-9C62-358BAE73CF34}.Debug|Any CPU.ActiveCfg = Debug|Any CPU
		{1F36CB11-D5B3-405C-9C62-358BAE73CF34}.Debug|Any CPU.Build.0 = Debug|Any CPU
		{1F36CB11-D5B3-405C-9C62-358BAE73CF34}.Release|Any CPU.ActiveCfg = Release|Any CPU
		{1F36CB11-D5B3-405C-9C62-358BAE73CF34}.Release|Any CPU.Build.0 = Release|Any CPU
		{A6971849-BE6E-4AC2-8E59-1A3DEAF0DE89}.Debug|Any CPU.ActiveCfg = Debug|Any CPU
		{A6971849-BE6E-4AC2-8E59-1A3DEAF0DE89}.Debug|Any CPU.Build.0 = Debug|Any CPU
		{A6971849-BE6E-4AC2-8E59-1A3DEAF0DE89}.Release|Any CPU.ActiveCfg = Release|Any CPU
		{A6971849-BE6E-4AC2-8E59-1A3DEAF0DE89}.Release|Any CPU.Build.0 = Release|Any CPU
		{B94B1F2E-6C3E-4147-83B6-1BD36A0E98AD}.Debug|Any CPU.ActiveCfg = Debug|Any CPU
		{B94B1F2E-6C3E-4147-83B6-1BD36A0E98AD}.Debug|Any CPU.Build.0 = Debug|Any CPU
		{B94B1F2E-6C3E-4147-83B6-1BD36A0E98AD}.Release|Any CPU.ActiveCfg = Release|Any CPU
		{B94B1F2E-6C3E-4147-83B6-1BD36A0E98AD}.Release|Any CPU.Build.0 = Release|Any CPU
		{5ADBA855-76E8-4682-B48B-035E588398FF}.Debug|Any CPU.ActiveCfg = Debug|Any CPU
		{5ADBA855-76E8-4682-B48B-035E588398FF}.Debug|Any CPU.Build.0 = Debug|Any CPU
		{5ADBA855-76E8-4682-B48B-035E588398FF}.Release|Any CPU.ActiveCfg = Release|Any CPU
		{5ADBA855-76E8-4682-B48B-035E588398FF}.Release|Any CPU.Build.0 = Release|Any CPU
		{27FBC8CD-F0CF-4B53-9130-5AEEB260A86A}.Debug|Any CPU.ActiveCfg = Debug|Any CPU
		{27FBC8CD-F0CF-4B53-9130-5AEEB260A86A}.Debug|Any CPU.Build.0 = Debug|Any CPU
		{27FBC8CD-F0CF-4B53-9130-5AEEB260A86A}.Release|Any CPU.ActiveCfg = Release|Any CPU
		{27FBC8CD-F0CF-4B53-9130-5AEEB260A86A}.Release|Any CPU.Build.0 = Release|Any CPU
		{1BCFD8EE-4159-4669-9B1E-6A9EB381FB72}.Debug|Any CPU.ActiveCfg = Debug|Any CPU
		{1BCFD8EE-4159-4669-9B1E-6A9EB381FB72}.Debug|Any CPU.Build.0 = Debug|Any CPU
		{1BCFD8EE-4159-4669-9B1E-6A9EB381FB72}.Release|Any CPU.ActiveCfg = Release|Any CPU
		{1BCFD8EE-4159-4669-9B1E-6A9EB381FB72}.Release|Any CPU.Build.0 = Release|Any CPU
		{EB1D4362-FEC0-48C1-8448-1562994EA479}.Debug|Any CPU.ActiveCfg = Debug|Any CPU
		{EB1D4362-FEC0-48C1-8448-1562994EA479}.Debug|Any CPU.Build.0 = Debug|Any CPU
		{EB1D4362-FEC0-48C1-8448-1562994EA479}.Release|Any CPU.ActiveCfg = Release|Any CPU
		{EB1D4362-FEC0-48C1-8448-1562994EA479}.Release|Any CPU.Build.0 = Release|Any CPU
	EndGlobalSection
	GlobalSection(SolutionProperties) = preSolution
		HideSolutionNode = FALSE
	EndGlobalSection
EndGlobal
