
Microsoft Visual Studio Solution File, Format Version 12.00
# Visual Studio Express 2013 for Windows Desktop
VisualStudioVersion = 12.0.21005.1
MinimumVisualStudioVersion = 10.0.40219.1
Project("{FAE04EC0-301F-11D3-BF4B-00C04F79EFBC}") = "02.HelloCSharp", "2.HelloCSharp\02.HelloCSharp.csproj", "{C0C30AD6-C3D0-4866-8268-FADC18600D64}"
EndProject
Project("{FAE04EC0-301F-11D3-BF4B-00C04F79EFBC}") = "06.PrintMyFullName", "6.PrintMyFullName\06.PrintMyFullName.csproj", "{B7602862-9B4F-4BFF-A300-6924AAC4ED77}"
EndProject
Project("{FAE04EC0-301F-11D3-BF4B-00C04F79EFBC}") = "07.PrintCurrentDateAndTime", "7.PrintCurrentDateAndTime\07.PrintCurrentDateAndTime.csproj", "{86078139-7BC8-419F-8AAB-08D8A26E77EE}"
EndProject
Project("{FAE04EC0-301F-11D3-BF4B-00C04F79EFBC}") = "08.SquareTo12345", "8.SquareTo12345\08.SquareTo12345.csproj", "{75ED8EF1-5E54-478D-A4D7-F2B2560D9D0F}"
EndProject
Project("{FAE04EC0-301F-11D3-BF4B-00C04F79EFBC}") = "09.FirstTenNumbers", "9.FirstTenNumbers\09.FirstTenNumbers.csproj", "{1D45A252-A7B8-4796-8C52-92C04D1BC267}"
EndProject
Project("{FAE04EC0-301F-11D3-BF4B-00C04F79EFBC}") = "12.HowOldAreYou", "12.HowOldAreYou\12.HowOldAreYou.csproj", "{64FBEFC3-1808-4114-BF14-805D993DA554}"
EndProject
Project("{FAE04EC0-301F-11D3-BF4B-00C04F79EFBC}") = "03.PrintMyName", "03.PrintMyName\03.PrintMyName.csproj", "{C429D972-4559-415D-9B5B-61C2BB4999E9}"
EndProject
Project("{FAE04EC0-301F-11D3-BF4B-00C04F79EFBC}") = "04.PrintNumber1-101-1001", "04.PrintNumber1-101-1001\04.PrintNumber1-101-1001.csproj", "{B2BC14A8-14EB-4AD0-81B2-2AF734A319FF}"
EndProject
Global
	GlobalSection(SolutionConfigurationPlatforms) = preSolution
		Debug|Any CPU = Debug|Any CPU
		Release|Any CPU = Release|Any CPU
	EndGlobalSection
	GlobalSection(ProjectConfigurationPlatforms) = postSolution
		{C0C30AD6-C3D0-4866-8268-FADC18600D64}.Debug|Any CPU.ActiveCfg = Debug|Any CPU
		{C0C30AD6-C3D0-4866-8268-FADC18600D64}.Debug|Any CPU.Build.0 = Debug|Any CPU
		{C0C30AD6-C3D0-4866-8268-FADC18600D64}.Release|Any CPU.ActiveCfg = Release|Any CPU
		{C0C30AD6-C3D0-4866-8268-FADC18600D64}.Release|Any CPU.Build.0 = Release|Any CPU
		{B7602862-9B4F-4BFF-A300-6924AAC4ED77}.Debug|Any CPU.ActiveCfg = Debug|Any CPU
		{B7602862-9B4F-4BFF-A300-6924AAC4ED77}.Debug|Any CPU.Build.0 = Debug|Any CPU
		{B7602862-9B4F-4BFF-A300-6924AAC4ED77}.Release|Any CPU.ActiveCfg = Release|Any CPU
		{B7602862-9B4F-4BFF-A300-6924AAC4ED77}.Release|Any CPU.Build.0 = Release|Any CPU
		{86078139-7BC8-419F-8AAB-08D8A26E77EE}.Debug|Any CPU.ActiveCfg = Debug|Any CPU
		{86078139-7BC8-419F-8AAB-08D8A26E77EE}.Debug|Any CPU.Build.0 = Debug|Any CPU
		{86078139-7BC8-419F-8AAB-08D8A26E77EE}.Release|Any CPU.ActiveCfg = Release|Any CPU
		{86078139-7BC8-419F-8AAB-08D8A26E77EE}.Release|Any CPU.Build.0 = Release|Any CPU
		{75ED8EF1-5E54-478D-A4D7-F2B2560D9D0F}.Debug|Any CPU.ActiveCfg = Debug|Any CPU
		{75ED8EF1-5E54-478D-A4D7-F2B2560D9D0F}.Debug|Any CPU.Build.0 = Debug|Any CPU
		{75ED8EF1-5E54-478D-A4D7-F2B2560D9D0F}.Release|Any CPU.ActiveCfg = Release|Any CPU
		{75ED8EF1-5E54-478D-A4D7-F2B2560D9D0F}.Release|Any CPU.Build.0 = Release|Any CPU
		{1D45A252-A7B8-4796-8C52-92C04D1BC267}.Debug|Any CPU.ActiveCfg = Debug|Any CPU
		{1D45A252-A7B8-4796-8C52-92C04D1BC267}.Debug|Any CPU.Build.0 = Debug|Any CPU
		{1D45A252-A7B8-4796-8C52-92C04D1BC267}.Release|Any CPU.ActiveCfg = Release|Any CPU
		{1D45A252-A7B8-4796-8C52-92C04D1BC267}.Release|Any CPU.Build.0 = Release|Any CPU
		{64FBEFC3-1808-4114-BF14-805D993DA554}.Debug|Any CPU.ActiveCfg = Debug|Any CPU
		{64FBEFC3-1808-4114-BF14-805D993DA554}.Debug|Any CPU.Build.0 = Debug|Any CPU
		{64FBEFC3-1808-4114-BF14-805D993DA554}.Release|Any CPU.ActiveCfg = Release|Any CPU
		{64FBEFC3-1808-4114-BF14-805D993DA554}.Release|Any CPU.Build.0 = Release|Any CPU
		{C429D972-4559-415D-9B5B-61C2BB4999E9}.Debug|Any CPU.ActiveCfg = Debug|Any CPU
		{C429D972-4559-415D-9B5B-61C2BB4999E9}.Debug|Any CPU.Build.0 = Debug|Any CPU
		{C429D972-4559-415D-9B5B-61C2BB4999E9}.Release|Any CPU.ActiveCfg = Release|Any CPU
		{C429D972-4559-415D-9B5B-61C2BB4999E9}.Release|Any CPU.Build.0 = Release|Any CPU
		{B2BC14A8-14EB-4AD0-81B2-2AF734A319FF}.Debug|Any CPU.ActiveCfg = Debug|Any CPU
		{B2BC14A8-14EB-4AD0-81B2-2AF734A319FF}.Debug|Any CPU.Build.0 = Debug|Any CPU
		{B2BC14A8-14EB-4AD0-81B2-2AF734A319FF}.Release|Any CPU.ActiveCfg = Release|Any CPU
		{B2BC14A8-14EB-4AD0-81B2-2AF734A319FF}.Release|Any CPU.Build.0 = Release|Any CPU
	EndGlobalSection
	GlobalSection(SolutionProperties) = preSolution
		HideSolutionNode = FALSE
	EndGlobalSection
EndGlobal
