
Microsoft Visual Studio Solution File, Format Version 12.00
# Visual Studio 2013
VisualStudioVersion = 12.0.31101.0
MinimumVisualStudioVersion = 10.0.40219.1
Project("{FAE04EC0-301F-11D3-BF4B-00C04F79EFBC}") = "StringDemo", "StringDemo\StringDemo.csproj", "{E3C0B4F9-34C4-463F-92CC-8010176FB0A6}"
EndProject
Project("{FAE04EC0-301F-11D3-BF4B-00C04F79EFBC}") = "Compare", "Compare\Compare.csproj", "{55017F90-0ABD-4309-9522-3BC4254FA31C}"
EndProject
Project("{FAE04EC0-301F-11D3-BF4B-00C04F79EFBC}") = "Concat", "Concat\Concat.csproj", "{5EBF86DD-3C3D-4708-956F-772902D936CD}"
EndProject
Project("{FAE04EC0-301F-11D3-BF4B-00C04F79EFBC}") = "IndexOf", "IndexOf\IndexOf.csproj", "{F59A28ED-FC0D-45B4-A0F0-83C97C705B2A}"
EndProject
Project("{FAE04EC0-301F-11D3-BF4B-00C04F79EFBC}") = "Substring", "Substring\Substring.csproj", "{3CDFD9E1-FDE2-414D-945A-EBF4E42693CF}"
EndProject
Project("{FAE04EC0-301F-11D3-BF4B-00C04F79EFBC}") = "Split", "Split\Split.csproj", "{6F034838-97E3-4382-A2F9-95DD681DEB78}"
EndProject
Global
	GlobalSection(SolutionConfigurationPlatforms) = preSolution
		Debug|Any CPU = Debug|Any CPU
		Release|Any CPU = Release|Any CPU
	EndGlobalSection
	GlobalSection(ProjectConfigurationPlatforms) = postSolution
		{E3C0B4F9-34C4-463F-92CC-8010176FB0A6}.Debug|Any CPU.ActiveCfg = Debug|Any CPU
		{E3C0B4F9-34C4-463F-92CC-8010176FB0A6}.Debug|Any CPU.Build.0 = Debug|Any CPU
		{E3C0B4F9-34C4-463F-92CC-8010176FB0A6}.Release|Any CPU.ActiveCfg = Release|Any CPU
		{E3C0B4F9-34C4-463F-92CC-8010176FB0A6}.Release|Any CPU.Build.0 = Release|Any CPU
		{55017F90-0ABD-4309-9522-3BC4254FA31C}.Debug|Any CPU.ActiveCfg = Debug|Any CPU
		{55017F90-0ABD-4309-9522-3BC4254FA31C}.Debug|Any CPU.Build.0 = Debug|Any CPU
		{55017F90-0ABD-4309-9522-3BC4254FA31C}.Release|Any CPU.ActiveCfg = Release|Any CPU
		{55017F90-0ABD-4309-9522-3BC4254FA31C}.Release|Any CPU.Build.0 = Release|Any CPU
		{5EBF86DD-3C3D-4708-956F-772902D936CD}.Debug|Any CPU.ActiveCfg = Debug|Any CPU
		{5EBF86DD-3C3D-4708-956F-772902D936CD}.Debug|Any CPU.Build.0 = Debug|Any CPU
		{5EBF86DD-3C3D-4708-956F-772902D936CD}.Release|Any CPU.ActiveCfg = Release|Any CPU
		{5EBF86DD-3C3D-4708-956F-772902D936CD}.Release|Any CPU.Build.0 = Release|Any CPU
		{F59A28ED-FC0D-45B4-A0F0-83C97C705B2A}.Debug|Any CPU.ActiveCfg = Debug|Any CPU
		{F59A28ED-FC0D-45B4-A0F0-83C97C705B2A}.Debug|Any CPU.Build.0 = Debug|Any CPU
		{F59A28ED-FC0D-45B4-A0F0-83C97C705B2A}.Release|Any CPU.ActiveCfg = Release|Any CPU
		{F59A28ED-FC0D-45B4-A0F0-83C97C705B2A}.Release|Any CPU.Build.0 = Release|Any CPU
		{3CDFD9E1-FDE2-414D-945A-EBF4E42693CF}.Debug|Any CPU.ActiveCfg = Debug|Any CPU
		{3CDFD9E1-FDE2-414D-945A-EBF4E42693CF}.Debug|Any CPU.Build.0 = Debug|Any CPU
		{3CDFD9E1-FDE2-414D-945A-EBF4E42693CF}.Release|Any CPU.ActiveCfg = Release|Any CPU
		{3CDFD9E1-FDE2-414D-945A-EBF4E42693CF}.Release|Any CPU.Build.0 = Release|Any CPU
		{6F034838-97E3-4382-A2F9-95DD681DEB78}.Debug|Any CPU.ActiveCfg = Debug|Any CPU
		{6F034838-97E3-4382-A2F9-95DD681DEB78}.Debug|Any CPU.Build.0 = Debug|Any CPU
		{6F034838-97E3-4382-A2F9-95DD681DEB78}.Release|Any CPU.ActiveCfg = Release|Any CPU
		{6F034838-97E3-4382-A2F9-95DD681DEB78}.Release|Any CPU.Build.0 = Release|Any CPU
	EndGlobalSection
	GlobalSection(SolutionProperties) = preSolution
		HideSolutionNode = FALSE
	EndGlobalSection
EndGlobal
